
Microsoft Visual Studio Solution File, Format Version 12.00
# Visual Studio 15
VisualStudioVersion = 15.0.28307.645
MinimumVisualStudioVersion = 10.0.40219.1
Project("{FAE04EC0-301F-11D3-BF4B-00C04F79EFBC}") = "WebAPPUno", "WebAPPUno\WebAPPUno.csproj", "{3FA88E8C-7EB9-4A62-B512-1C6A48B69896}"
EndProject
Project("{FAE04EC0-301F-11D3-BF4B-00C04F79EFBC}") = "WebApiUno", "WebApiUno\WebApiUno.csproj", "{F1835D98-A847-45D0-B1B1-BDDDDC2F9D7E}"
EndProject
Global
	GlobalSection(SolutionConfigurationPlatforms) = preSolution
		Debug|Any CPU = Debug|Any CPU
		Release|Any CPU = Release|Any CPU
	EndGlobalSection
	GlobalSection(ProjectConfigurationPlatforms) = postSolution
		{3FA88E8C-7EB9-4A62-B512-1C6A48B69896}.Debug|Any CPU.ActiveCfg = Debug|Any CPU
		{3FA88E8C-7EB9-4A62-B512-1C6A48B69896}.Debug|Any CPU.Build.0 = Debug|Any CPU
		{3FA88E8C-7EB9-4A62-B512-1C6A48B69896}.Release|Any CPU.ActiveCfg = Release|Any CPU
		{3FA88E8C-7EB9-4A62-B512-1C6A48B69896}.Release|Any CPU.Build.0 = Release|Any CPU
		{F1835D98-A847-45D0-B1B1-BDDDDC2F9D7E}.Debug|Any CPU.ActiveCfg = Debug|Any CPU
		{F1835D98-A847-45D0-B1B1-BDDDDC2F9D7E}.Debug|Any CPU.Build.0 = Debug|Any CPU
		{F1835D98-A847-45D0-B1B1-BDDDDC2F9D7E}.Release|Any CPU.ActiveCfg = Release|Any CPU
		{F1835D98-A847-45D0-B1B1-BDDDDC2F9D7E}.Release|Any CPU.Build.0 = Release|Any CPU
	EndGlobalSection
	GlobalSection(SolutionProperties) = preSolution
		HideSolutionNode = FALSE
	EndGlobalSection
	GlobalSection(ExtensibilityGlobals) = postSolution
		SolutionGuid = {D3BC473F-DA4A-44EB-96E5-FFA2CB1C5BEF}
	EndGlobalSection
EndGlobal
